// !$*UTF8*$!
{
	archiveVersion = 1;
	classes = {
	};
	objectVersion = 56;
	objects = {

/* Begin PBXBuildFile section */
		F8A3C8842912C52B00291F00 /* Workouts Watch App.app in Embed Watch Content */ = {isa = PBXBuildFile; fileRef = F8A3C8832912C52B00291F00 /* Workouts Watch App.app */; settings = {ATTRIBUTES = (RemoveHeadersOnCopy, ); }; };
		F8A3C8892912C52B00291F00 /* WorkoutsApp.swift in Sources */ = {isa = PBXBuildFile; fileRef = F8A3C8882912C52B00291F00 /* WorkoutsApp.swift */; };
		F8A3C88B2912C52B00291F00 /* StartView.swift in Sources */ = {isa = PBXBuildFile; fileRef = F8A3C88A2912C52B00291F00 /* StartView.swift */; };
		F8A3C88D2912C52C00291F00 /* Assets.xcassets in Resources */ = {isa = PBXBuildFile; fileRef = F8A3C88C2912C52C00291F00 /* Assets.xcassets */; };
		F8A3C8902912C52C00291F00 /* Preview Assets.xcassets in Resources */ = {isa = PBXBuildFile; fileRef = F8A3C88F2912C52C00291F00 /* Preview Assets.xcassets */; };
		F8A3C89A2912C52C00291F00 /* Workouts_Watch_AppTests.swift in Sources */ = {isa = PBXBuildFile; fileRef = F8A3C8992912C52C00291F00 /* Workouts_Watch_AppTests.swift */; };
		F8A3C8A42912C52C00291F00 /* Workouts_Watch_AppUITests.swift in Sources */ = {isa = PBXBuildFile; fileRef = F8A3C8A32912C52C00291F00 /* Workouts_Watch_AppUITests.swift */; };
		F8A3C8A62912C52C00291F00 /* Workouts_Watch_AppUITestsLaunchTests.swift in Sources */ = {isa = PBXBuildFile; fileRef = F8A3C8A52912C52C00291F00 /* Workouts_Watch_AppUITestsLaunchTests.swift */; };
		F8A3C8B72914C10A00291F00 /* SessionPagingView.swift in Sources */ = {isa = PBXBuildFile; fileRef = F8A3C8B62914C10A00291F00 /* SessionPagingView.swift */; };
		F8A3C8B92914C99F00291F00 /* MetricsView.swift in Sources */ = {isa = PBXBuildFile; fileRef = F8A3C8B82914C99F00291F00 /* MetricsView.swift */; };
		F8A3C8BB291569CD00291F00 /* ElapsedTimeView.swift in Sources */ = {isa = PBXBuildFile; fileRef = F8A3C8BA291569CD00291F00 /* ElapsedTimeView.swift */; };
		F8A3C8BD29156D2D00291F00 /* ControlsView.swift in Sources */ = {isa = PBXBuildFile; fileRef = F8A3C8BC29156D2D00291F00 /* ControlsView.swift */; };
		F8A3C8BF291A000800291F00 /* SummaryView.swift in Sources */ = {isa = PBXBuildFile; fileRef = F8A3C8BE291A000800291F00 /* SummaryView.swift */; };
/* End PBXBuildFile section */

/* Begin PBXContainerItemProxy section */
		F8A3C8852912C52B00291F00 /* PBXContainerItemProxy */ = {
			isa = PBXContainerItemProxy;
			containerPortal = F8A3C8772912C52B00291F00 /* Project object */;
			proxyType = 1;
			remoteGlobalIDString = F8A3C8822912C52B00291F00;
			remoteInfo = "Workouts Watch App";
		};
		F8A3C8962912C52C00291F00 /* PBXContainerItemProxy */ = {
			isa = PBXContainerItemProxy;
			containerPortal = F8A3C8772912C52B00291F00 /* Project object */;
			proxyType = 1;
			remoteGlobalIDString = F8A3C8822912C52B00291F00;
			remoteInfo = "Workouts Watch App";
		};
		F8A3C8A02912C52C00291F00 /* PBXContainerItemProxy */ = {
			isa = PBXContainerItemProxy;
			containerPortal = F8A3C8772912C52B00291F00 /* Project object */;
			proxyType = 1;
			remoteGlobalIDString = F8A3C8822912C52B00291F00;
			remoteInfo = "Workouts Watch App";
		};
/* End PBXContainerItemProxy section */

/* Begin PBXCopyFilesBuildPhase section */
		F8A3C8AC2912C52C00291F00 /* Embed Watch Content */ = {
			isa = PBXCopyFilesBuildPhase;
			buildActionMask = 2147483647;
			dstPath = "$(CONTENTS_FOLDER_PATH)/Watch";
			dstSubfolderSpec = 16;
			files = (
				F8A3C8842912C52B00291F00 /* Workouts Watch App.app in Embed Watch Content */,
			);
			name = "Embed Watch Content";
			runOnlyForDeploymentPostprocessing = 0;
		};
/* End PBXCopyFilesBuildPhase section */

/* Begin PBXFileReference section */
		F8A3C87D2912C52B00291F00 /* Workouts.app */ = {isa = PBXFileReference; explicitFileType = wrapper.application; includeInIndex = 0; path = Workouts.app; sourceTree = BUILT_PRODUCTS_DIR; };
		F8A3C8832912C52B00291F00 /* Workouts Watch App.app */ = {isa = PBXFileReference; explicitFileType = wrapper.application; includeInIndex = 0; path = "Workouts Watch App.app"; sourceTree = BUILT_PRODUCTS_DIR; };
		F8A3C8882912C52B00291F00 /* WorkoutsApp.swift */ = {isa = PBXFileReference; lastKnownFileType = sourcecode.swift; path = WorkoutsApp.swift; sourceTree = "<group>"; };
		F8A3C88A2912C52B00291F00 /* StartView.swift */ = {isa = PBXFileReference; lastKnownFileType = sourcecode.swift; path = StartView.swift; sourceTree = "<group>"; };
		F8A3C88C2912C52C00291F00 /* Assets.xcassets */ = {isa = PBXFileReference; lastKnownFileType = folder.assetcatalog; path = Assets.xcassets; sourceTree = "<group>"; };
		F8A3C88F2912C52C00291F00 /* Preview Assets.xcassets */ = {isa = PBXFileReference; lastKnownFileType = folder.assetcatalog; path = "Preview Assets.xcassets"; sourceTree = "<group>"; };
		F8A3C8952912C52C00291F00 /* Workouts Watch AppTests.xctest */ = {isa = PBXFileReference; explicitFileType = wrapper.cfbundle; includeInIndex = 0; path = "Workouts Watch AppTests.xctest"; sourceTree = BUILT_PRODUCTS_DIR; };
		F8A3C8992912C52C00291F00 /* Workouts_Watch_AppTests.swift */ = {isa = PBXFileReference; lastKnownFileType = sourcecode.swift; path = Workouts_Watch_AppTests.swift; sourceTree = "<group>"; };
		F8A3C89F2912C52C00291F00 /* Workouts Watch AppUITests.xctest */ = {isa = PBXFileReference; explicitFileType = wrapper.cfbundle; includeInIndex = 0; path = "Workouts Watch AppUITests.xctest"; sourceTree = BUILT_PRODUCTS_DIR; };
		F8A3C8A32912C52C00291F00 /* Workouts_Watch_AppUITests.swift */ = {isa = PBXFileReference; lastKnownFileType = sourcecode.swift; path = Workouts_Watch_AppUITests.swift; sourceTree = "<group>"; };
		F8A3C8A52912C52C00291F00 /* Workouts_Watch_AppUITestsLaunchTests.swift */ = {isa = PBXFileReference; lastKnownFileType = sourcecode.swift; path = Workouts_Watch_AppUITestsLaunchTests.swift; sourceTree = "<group>"; };
		F8A3C8B62914C10A00291F00 /* SessionPagingView.swift */ = {isa = PBXFileReference; lastKnownFileType = sourcecode.swift; path = SessionPagingView.swift; sourceTree = "<group>"; };
		F8A3C8B82914C99F00291F00 /* MetricsView.swift */ = {isa = PBXFileReference; lastKnownFileType = sourcecode.swift; path = MetricsView.swift; sourceTree = "<group>"; };
		F8A3C8BA291569CD00291F00 /* ElapsedTimeView.swift */ = {isa = PBXFileReference; lastKnownFileType = sourcecode.swift; path = ElapsedTimeView.swift; sourceTree = "<group>"; };
		F8A3C8BC29156D2D00291F00 /* ControlsView.swift */ = {isa = PBXFileReference; lastKnownFileType = sourcecode.swift; path = ControlsView.swift; sourceTree = "<group>"; };
		F8A3C8BE291A000800291F00 /* SummaryView.swift */ = {isa = PBXFileReference; lastKnownFileType = sourcecode.swift; path = SummaryView.swift; sourceTree = "<group>"; };
/* End PBXFileReference section */

/* Begin PBXFrameworksBuildPhase section */
		F8A3C8802912C52B00291F00 /* Frameworks */ = {
			isa = PBXFrameworksBuildPhase;
			buildActionMask = 2147483647;
			files = (
			);
			runOnlyForDeploymentPostprocessing = 0;
		};
		F8A3C8922912C52C00291F00 /* Frameworks */ = {
			isa = PBXFrameworksBuildPhase;
			buildActionMask = 2147483647;
			files = (
			);
			runOnlyForDeploymentPostprocessing = 0;
		};
		F8A3C89C2912C52C00291F00 /* Frameworks */ = {
			isa = PBXFrameworksBuildPhase;
			buildActionMask = 2147483647;
			files = (
			);
			runOnlyForDeploymentPostprocessing = 0;
		};
/* End PBXFrameworksBuildPhase section */

/* Begin PBXGroup section */
		F8A3C8762912C52B00291F00 = {
			isa = PBXGroup;
			children = (
				F8A3C8872912C52B00291F00 /* Workouts Watch App */,
				F8A3C8982912C52C00291F00 /* Workouts Watch AppTests */,
				F8A3C8A22912C52C00291F00 /* Workouts Watch AppUITests */,
				F8A3C87E2912C52B00291F00 /* Products */,
			);
			sourceTree = "<group>";
		};
		F8A3C87E2912C52B00291F00 /* Products */ = {
			isa = PBXGroup;
			children = (
				F8A3C87D2912C52B00291F00 /* Workouts.app */,
				F8A3C8832912C52B00291F00 /* Workouts Watch App.app */,
				F8A3C8952912C52C00291F00 /* Workouts Watch AppTests.xctest */,
				F8A3C89F2912C52C00291F00 /* Workouts Watch AppUITests.xctest */,
			);
			name = Products;
			sourceTree = "<group>";
		};
		F8A3C8872912C52B00291F00 /* Workouts Watch App */ = {
			isa = PBXGroup;
			children = (
				F8A3C8882912C52B00291F00 /* WorkoutsApp.swift */,
				F8A3C88A2912C52B00291F00 /* StartView.swift */,
				F8A3C8BE291A000800291F00 /* SummaryView.swift */,
				F8A3C8B62914C10A00291F00 /* SessionPagingView.swift */,
				F8A3C8B82914C99F00291F00 /* MetricsView.swift */,
				F8A3C8BC29156D2D00291F00 /* ControlsView.swift */,
				F8A3C8BA291569CD00291F00 /* ElapsedTimeView.swift */,
				F8A3C88C2912C52C00291F00 /* Assets.xcassets */,
				F8A3C88E2912C52C00291F00 /* Preview Content */,
			);
			path = "Workouts Watch App";
			sourceTree = "<group>";
		};
		F8A3C88E2912C52C00291F00 /* Preview Content */ = {
			isa = PBXGroup;
			children = (
				F8A3C88F2912C52C00291F00 /* Preview Assets.xcassets */,
			);
			path = "Preview Content";
			sourceTree = "<group>";
		};
		F8A3C8982912C52C00291F00 /* Workouts Watch AppTests */ = {
			isa = PBXGroup;
			children = (
				F8A3C8992912C52C00291F00 /* Workouts_Watch_AppTests.swift */,
			);
			path = "Workouts Watch AppTests";
			sourceTree = "<group>";
		};
		F8A3C8A22912C52C00291F00 /* Workouts Watch AppUITests */ = {
			isa = PBXGroup;
			children = (
				F8A3C8A32912C52C00291F00 /* Workouts_Watch_AppUITests.swift */,
				F8A3C8A52912C52C00291F00 /* Workouts_Watch_AppUITestsLaunchTests.swift */,
			);
			path = "Workouts Watch AppUITests";
			sourceTree = "<group>";
		};
/* End PBXGroup section */

/* Begin PBXNativeTarget section */
		F8A3C87C2912C52B00291F00 /* Workouts */ = {
			isa = PBXNativeTarget;
			buildConfigurationList = F8A3C8AD2912C52C00291F00 /* Build configuration list for PBXNativeTarget "Workouts" */;
			buildPhases = (
				F8A3C87B2912C52B00291F00 /* Resources */,
				F8A3C8AC2912C52C00291F00 /* Embed Watch Content */,
			);
			buildRules = (
			);
			dependencies = (
				F8A3C8862912C52B00291F00 /* PBXTargetDependency */,
			);
			name = Workouts;
			productName = Workouts;
			productReference = F8A3C87D2912C52B00291F00 /* Workouts.app */;
			productType = "com.apple.product-type.application.watchapp2-container";
		};
		F8A3C8822912C52B00291F00 /* Workouts Watch App */ = {
			isa = PBXNativeTarget;
			buildConfigurationList = F8A3C8A92912C52C00291F00 /* Build configuration list for PBXNativeTarget "Workouts Watch App" */;
			buildPhases = (
				F8A3C87F2912C52B00291F00 /* Sources */,
				F8A3C8802912C52B00291F00 /* Frameworks */,
				F8A3C8812912C52B00291F00 /* Resources */,
			);
			buildRules = (
			);
			dependencies = (
			);
			name = "Workouts Watch App";
			productName = "Workouts Watch App";
			productReference = F8A3C8832912C52B00291F00 /* Workouts Watch App.app */;
			productType = "com.apple.product-type.application";
		};
		F8A3C8942912C52C00291F00 /* Workouts Watch AppTests */ = {
			isa = PBXNativeTarget;
			buildConfigurationList = F8A3C8B02912C52C00291F00 /* Build configuration list for PBXNativeTarget "Workouts Watch AppTests" */;
			buildPhases = (
				F8A3C8912912C52C00291F00 /* Sources */,
				F8A3C8922912C52C00291F00 /* Frameworks */,
				F8A3C8932912C52C00291F00 /* Resources */,
			);
			buildRules = (
			);
			dependencies = (
				F8A3C8972912C52C00291F00 /* PBXTargetDependency */,
			);
			name = "Workouts Watch AppTests";
			productName = "Workouts Watch AppTests";
			productReference = F8A3C8952912C52C00291F00 /* Workouts Watch AppTests.xctest */;
			productType = "com.apple.product-type.bundle.unit-test";
		};
		F8A3C89E2912C52C00291F00 /* Workouts Watch AppUITests */ = {
			isa = PBXNativeTarget;
			buildConfigurationList = F8A3C8B32912C52C00291F00 /* Build configuration list for PBXNativeTarget "Workouts Watch AppUITests" */;
			buildPhases = (
				F8A3C89B2912C52C00291F00 /* Sources */,
				F8A3C89C2912C52C00291F00 /* Frameworks */,
				F8A3C89D2912C52C00291F00 /* Resources */,
			);
			buildRules = (
			);
			dependencies = (
				F8A3C8A12912C52C00291F00 /* PBXTargetDependency */,
			);
			name = "Workouts Watch AppUITests";
			productName = "Workouts Watch AppUITests";
			productReference = F8A3C89F2912C52C00291F00 /* Workouts Watch AppUITests.xctest */;
			productType = "com.apple.product-type.bundle.ui-testing";
		};
/* End PBXNativeTarget section */

/* Begin PBXProject section */
		F8A3C8772912C52B00291F00 /* Project object */ = {
			isa = PBXProject;
			attributes = {
				BuildIndependentTargetsInParallel = 1;
				LastSwiftUpdateCheck = 1410;
				LastUpgradeCheck = 1410;
				TargetAttributes = {
					F8A3C87C2912C52B00291F00 = {
						CreatedOnToolsVersion = 14.1;
					};
					F8A3C8822912C52B00291F00 = {
						CreatedOnToolsVersion = 14.1;
					};
					F8A3C8942912C52C00291F00 = {
						CreatedOnToolsVersion = 14.1;
						TestTargetID = F8A3C8822912C52B00291F00;
					};
					F8A3C89E2912C52C00291F00 = {
						CreatedOnToolsVersion = 14.1;
						TestTargetID = F8A3C8822912C52B00291F00;
					};
				};
			};
			buildConfigurationList = F8A3C87A2912C52B00291F00 /* Build configuration list for PBXProject "Workouts" */;
			compatibilityVersion = "Xcode 14.0";
			developmentRegion = en;
			hasScannedForEncodings = 0;
			knownRegions = (
				en,
				Base,
			);
			mainGroup = F8A3C8762912C52B00291F00;
			productRefGroup = F8A3C87E2912C52B00291F00 /* Products */;
			projectDirPath = "";
			projectRoot = "";
			targets = (
				F8A3C87C2912C52B00291F00 /* Workouts */,
				F8A3C8822912C52B00291F00 /* Workouts Watch App */,
				F8A3C8942912C52C00291F00 /* Workouts Watch AppTests */,
				F8A3C89E2912C52C00291F00 /* Workouts Watch AppUITests */,
			);
		};
/* End PBXProject section */

/* Begin PBXResourcesBuildPhase section */
		F8A3C87B2912C52B00291F00 /* Resources */ = {
			isa = PBXResourcesBuildPhase;
			buildActionMask = 2147483647;
			files = (
			);
			runOnlyForDeploymentPostprocessing = 0;
		};
		F8A3C8812912C52B00291F00 /* Resources */ = {
			isa = PBXResourcesBuildPhase;
			buildActionMask = 2147483647;
			files = (
				F8A3C8902912C52C00291F00 /* Preview Assets.xcassets in Resources */,
				F8A3C88D2912C52C00291F00 /* Assets.xcassets in Resources */,
			);
			runOnlyForDeploymentPostprocessing = 0;
		};
		F8A3C8932912C52C00291F00 /* Resources */ = {
			isa = PBXResourcesBuildPhase;
			buildActionMask = 2147483647;
			files = (
			);
			runOnlyForDeploymentPostprocessing = 0;
		};
		F8A3C89D2912C52C00291F00 /* Resources */ = {
			isa = PBXResourcesBuildPhase;
			buildActionMask = 2147483647;
			files = (
			);
			runOnlyForDeploymentPostprocessing = 0;
		};
/* End PBXResourcesBuildPhase section */

/* Begin PBXSourcesBuildPhase section */
		F8A3C87F2912C52B00291F00 /* Sources */ = {
			isa = PBXSourcesBuildPhase;
			buildActionMask = 2147483647;
			files = (
				F8A3C88B2912C52B00291F00 /* StartView.swift in Sources */,
				F8A3C8BF291A000800291F00 /* SummaryView.swift in Sources */,
				F8A3C8892912C52B00291F00 /* WorkoutsApp.swift in Sources */,
				F8A3C8BB291569CD00291F00 /* ElapsedTimeView.swift in Sources */,
				F8A3C8B92914C99F00291F00 /* MetricsView.swift in Sources */,
				F8A3C8BD29156D2D00291F00 /* ControlsView.swift in Sources */,
				F8A3C8B72914C10A00291F00 /* SessionPagingView.swift in Sources */,
			);
			runOnlyForDeploymentPostprocessing = 0;
		};
		F8A3C8912912C52C00291F00 /* Sources */ = {
			isa = PBXSourcesBuildPhase;
			buildActionMask = 2147483647;
			files = (
				F8A3C89A2912C52C00291F00 /* Workouts_Watch_AppTests.swift in Sources */,
			);
			runOnlyForDeploymentPostprocessing = 0;
		};
		F8A3C89B2912C52C00291F00 /* Sources */ = {
			isa = PBXSourcesBuildPhase;
			buildActionMask = 2147483647;
			files = (
				F8A3C8A62912C52C00291F00 /* Workouts_Watch_AppUITestsLaunchTests.swift in Sources */,
				F8A3C8A42912C52C00291F00 /* Workouts_Watch_AppUITests.swift in Sources */,
			);
			runOnlyForDeploymentPostprocessing = 0;
		};
/* End PBXSourcesBuildPhase section */

/* Begin PBXTargetDependency section */
		F8A3C8862912C52B00291F00 /* PBXTargetDependency */ = {
			isa = PBXTargetDependency;
			target = F8A3C8822912C52B00291F00 /* Workouts Watch App */;
			targetProxy = F8A3C8852912C52B00291F00 /* PBXContainerItemProxy */;
		};
		F8A3C8972912C52C00291F00 /* PBXTargetDependency */ = {
			isa = PBXTargetDependency;
			target = F8A3C8822912C52B00291F00 /* Workouts Watch App */;
			targetProxy = F8A3C8962912C52C00291F00 /* PBXContainerItemProxy */;
		};
		F8A3C8A12912C52C00291F00 /* PBXTargetDependency */ = {
			isa = PBXTargetDependency;
			target = F8A3C8822912C52B00291F00 /* Workouts Watch App */;
			targetProxy = F8A3C8A02912C52C00291F00 /* PBXContainerItemProxy */;
		};
/* End PBXTargetDependency section */

/* Begin XCBuildConfiguration section */
		F8A3C8A72912C52C00291F00 /* Debug */ = {
			isa = XCBuildConfiguration;
			buildSettings = {
				ALWAYS_SEARCH_USER_PATHS = NO;
				CLANG_ANALYZER_NONNULL = YES;
				CLANG_ANALYZER_NUMBER_OBJECT_CONVERSION = YES_AGGRESSIVE;
				CLANG_CXX_LANGUAGE_STANDARD = "gnu++20";
				CLANG_ENABLE_MODULES = YES;
				CLANG_ENABLE_OBJC_ARC = YES;
				CLANG_ENABLE_OBJC_WEAK = YES;
				CLANG_WARN_BLOCK_CAPTURE_AUTORELEASING = YES;
				CLANG_WARN_BOOL_CONVERSION = YES;
				CLANG_WARN_COMMA = YES;
				CLANG_WARN_CONSTANT_CONVERSION = YES;
				CLANG_WARN_DEPRECATED_OBJC_IMPLEMENTATIONS = YES;
				CLANG_WARN_DIRECT_OBJC_ISA_USAGE = YES_ERROR;
				CLANG_WARN_DOCUMENTATION_COMMENTS = YES;
				CLANG_WARN_EMPTY_BODY = YES;
				CLANG_WARN_ENUM_CONVERSION = YES;
				CLANG_WARN_INFINITE_RECURSION = YES;
				CLANG_WARN_INT_CONVERSION = YES;
				CLANG_WARN_NON_LITERAL_NULL_CONVERSION = YES;
				CLANG_WARN_OBJC_IMPLICIT_RETAIN_SELF = YES;
				CLANG_WARN_OBJC_LITERAL_CONVERSION = YES;
				CLANG_WARN_OBJC_ROOT_CLASS = YES_ERROR;
				CLANG_WARN_QUOTED_INCLUDE_IN_FRAMEWORK_HEADER = YES;
				CLANG_WARN_RANGE_LOOP_ANALYSIS = YES;
				CLANG_WARN_STRICT_PROTOTYPES = YES;
				CLANG_WARN_SUSPICIOUS_MOVE = YES;
				CLANG_WARN_UNGUARDED_AVAILABILITY = YES_AGGRESSIVE;
				CLANG_WARN_UNREACHABLE_CODE = YES;
				CLANG_WARN__DUPLICATE_METHOD_MATCH = YES;
				COPY_PHASE_STRIP = NO;
				DEBUG_INFORMATION_FORMAT = dwarf;
				ENABLE_STRICT_OBJC_MSGSEND = YES;
				ENABLE_TESTABILITY = YES;
				GCC_C_LANGUAGE_STANDARD = gnu11;
				GCC_DYNAMIC_NO_PIC = NO;
				GCC_NO_COMMON_BLOCKS = YES;
				GCC_OPTIMIZATION_LEVEL = 0;
				GCC_PREPROCESSOR_DEFINITIONS = (
					"DEBUG=1",
					"$(inherited)",
				);
				GCC_WARN_64_TO_32_BIT_CONVERSION = YES;
				GCC_WARN_ABOUT_RETURN_TYPE = YES_ERROR;
				GCC_WARN_UNDECLARED_SELECTOR = YES;
				GCC_WARN_UNINITIALIZED_AUTOS = YES_AGGRESSIVE;
				GCC_WARN_UNUSED_FUNCTION = YES;
				GCC_WARN_UNUSED_VARIABLE = YES;
				MTL_ENABLE_DEBUG_INFO = INCLUDE_SOURCE;
				MTL_FAST_MATH = YES;
				ONLY_ACTIVE_ARCH = YES;
				SWIFT_ACTIVE_COMPILATION_CONDITIONS = DEBUG;
				SWIFT_OPTIMIZATION_LEVEL = "-Onone";
			};
			name = Debug;
		};
		F8A3C8A82912C52C00291F00 /* Release */ = {
			isa = XCBuildConfiguration;
			buildSettings = {
				ALWAYS_SEARCH_USER_PATHS = NO;
				CLANG_ANALYZER_NONNULL = YES;
				CLANG_ANALYZER_NUMBER_OBJECT_CONVERSION = YES_AGGRESSIVE;
				CLANG_CXX_LANGUAGE_STANDARD = "gnu++20";
				CLANG_ENABLE_MODULES = YES;
				CLANG_ENABLE_OBJC_ARC = YES;
				CLANG_ENABLE_OBJC_WEAK = YES;
				CLANG_WARN_BLOCK_CAPTURE_AUTORELEASING = YES;
				CLANG_WARN_BOOL_CONVERSION = YES;
				CLANG_WARN_COMMA = YES;
				CLANG_WARN_CONSTANT_CONVERSION = YES;
				CLANG_WARN_DEPRECATED_OBJC_IMPLEMENTATIONS = YES;
				CLANG_WARN_DIRECT_OBJC_ISA_USAGE = YES_ERROR;
				CLANG_WARN_DOCUMENTATION_COMMENTS = YES;
				CLANG_WARN_EMPTY_BODY = YES;
				CLANG_WARN_ENUM_CONVERSION = YES;
				CLANG_WARN_INFINITE_RECURSION = YES;
				CLANG_WARN_INT_CONVERSION = YES;
				CLANG_WARN_NON_LITERAL_NULL_CONVERSION = YES;
				CLANG_WARN_OBJC_IMPLICIT_RETAIN_SELF = YES;
				CLANG_WARN_OBJC_LITERAL_CONVERSION = YES;
				CLANG_WARN_OBJC_ROOT_CLASS = YES_ERROR;
				CLANG_WARN_QUOTED_INCLUDE_IN_FRAMEWORK_HEADER = YES;
				CLANG_WARN_RANGE_LOOP_ANALYSIS = YES;
				CLANG_WARN_STRICT_PROTOTYPES = YES;
				CLANG_WARN_SUSPICIOUS_MOVE = YES;
				CLANG_WARN_UNGUARDED_AVAILABILITY = YES_AGGRESSIVE;
				CLANG_WARN_UNREACHABLE_CODE = YES;
				CLANG_WARN__DUPLICATE_METHOD_MATCH = YES;
				COPY_PHASE_STRIP = NO;
				DEBUG_INFORMATION_FORMAT = "dwarf-with-dsym";
				ENABLE_NS_ASSERTIONS = NO;
				ENABLE_STRICT_OBJC_MSGSEND = YES;
				GCC_C_LANGUAGE_STANDARD = gnu11;
				GCC_NO_COMMON_BLOCKS = YES;
				GCC_WARN_64_TO_32_BIT_CONVERSION = YES;
				GCC_WARN_ABOUT_RETURN_TYPE = YES_ERROR;
				GCC_WARN_UNDECLARED_SELECTOR = YES;
				GCC_WARN_UNINITIALIZED_AUTOS = YES_AGGRESSIVE;
				GCC_WARN_UNUSED_FUNCTION = YES;
				GCC_WARN_UNUSED_VARIABLE = YES;
				MTL_ENABLE_DEBUG_INFO = NO;
				MTL_FAST_MATH = YES;
				SWIFT_COMPILATION_MODE = wholemodule;
				SWIFT_OPTIMIZATION_LEVEL = "-O";
			};
			name = Release;
		};
		F8A3C8AA2912C52C00291F00 /* Debug */ = {
			isa = XCBuildConfiguration;
			buildSettings = {
				ASSETCATALOG_COMPILER_APPICON_NAME = AppIcon;
				ASSETCATALOG_COMPILER_GLOBAL_ACCENT_COLOR_NAME = AccentColor;
				CODE_SIGN_STYLE = Automatic;
				CURRENT_PROJECT_VERSION = 1;
				DEVELOPMENT_ASSET_PATHS = "\"Workouts Watch App/Preview Content\"";
				DEVELOPMENT_TEAM = T8C9SSEX5G;
				ENABLE_PREVIEWS = YES;
				GENERATE_INFOPLIST_FILE = YES;
				INFOPLIST_KEY_CFBundleDisplayName = Workouts;
				INFOPLIST_KEY_UISupportedInterfaceOrientations = "UIInterfaceOrientationPortrait UIInterfaceOrientationPortraitUpsideDown";
				INFOPLIST_KEY_WKWatchOnly = YES;
				LD_RUNPATH_SEARCH_PATHS = (
					"$(inherited)",
					"@executable_path/Frameworks",
				);
				MARKETING_VERSION = 1.0;
				PRODUCT_BUNDLE_IDENTIFIER = com.hyun99999.Workouts.watchkitapp;
				PRODUCT_NAME = "$(TARGET_NAME)";
				SDKROOT = watchos;
				SKIP_INSTALL = YES;
				SWIFT_EMIT_LOC_STRINGS = YES;
				SWIFT_VERSION = 5.0;
				TARGETED_DEVICE_FAMILY = 4;
				WATCHOS_DEPLOYMENT_TARGET = 9.1;
			};
			name = Debug;
		};
		F8A3C8AB2912C52C00291F00 /* Release */ = {
			isa = XCBuildConfiguration;
			buildSettings = {
				ASSETCATALOG_COMPILER_APPICON_NAME = AppIcon;
				ASSETCATALOG_COMPILER_GLOBAL_ACCENT_COLOR_NAME = AccentColor;
				CODE_SIGN_STYLE = Automatic;
				CURRENT_PROJECT_VERSION = 1;
				DEVELOPMENT_ASSET_PATHS = "\"Workouts Watch App/Preview Content\"";
				DEVELOPMENT_TEAM = T8C9SSEX5G;
				ENABLE_PREVIEWS = YES;
				GENERATE_INFOPLIST_FILE = YES;
				INFOPLIST_KEY_CFBundleDisplayName = Workouts;
				INFOPLIST_KEY_UISupportedInterfaceOrientations = "UIInterfaceOrientationPortrait UIInterfaceOrientationPortraitUpsideDown";
				INFOPLIST_KEY_WKWatchOnly = YES;
				LD_RUNPATH_SEARCH_PATHS = (
					"$(inherited)",
					"@executable_path/Frameworks",
				);
				MARKETING_VERSION = 1.0;
				PRODUCT_BUNDLE_IDENTIFIER = com.hyun99999.Workouts.watchkitapp;
				PRODUCT_NAME = "$(TARGET_NAME)";
				SDKROOT = watchos;
				SKIP_INSTALL = YES;
				SWIFT_EMIT_LOC_STRINGS = YES;
				SWIFT_VERSION = 5.0;
				TARGETED_DEVICE_FAMILY = 4;
				VALIDATE_PRODUCT = YES;
				WATCHOS_DEPLOYMENT_TARGET = 9.1;
			};
			name = Release;
		};
		F8A3C8AE2912C52C00291F00 /* Debug */ = {
			isa = XCBuildConfiguration;
			buildSettings = {
				ALWAYS_EMBED_SWIFT_STANDARD_LIBRARIES = YES;
				CODE_SIGN_STYLE = Automatic;
				CURRENT_PROJECT_VERSION = 1;
				DEVELOPMENT_TEAM = T8C9SSEX5G;
				INFOPLIST_KEY_CFBundleDisplayName = Workouts;
				MARKETING_VERSION = 1.0;
				PRODUCT_BUNDLE_IDENTIFIER = com.hyun99999.Workouts;
				PRODUCT_NAME = "$(TARGET_NAME)";
				SDKROOT = iphoneos;
				SWIFT_VERSION = 5.0;
			};
			name = Debug;
		};
		F8A3C8AF2912C52C00291F00 /* Release */ = {
			isa = XCBuildConfiguration;
			buildSettings = {
				ALWAYS_EMBED_SWIFT_STANDARD_LIBRARIES = YES;
				CODE_SIGN_STYLE = Automatic;
				CURRENT_PROJECT_VERSION = 1;
				DEVELOPMENT_TEAM = T8C9SSEX5G;
				INFOPLIST_KEY_CFBundleDisplayName = Workouts;
				MARKETING_VERSION = 1.0;
				PRODUCT_BUNDLE_IDENTIFIER = com.hyun99999.Workouts;
				PRODUCT_NAME = "$(TARGET_NAME)";
				SDKROOT = iphoneos;
				SWIFT_VERSION = 5.0;
				VALIDATE_PRODUCT = YES;
			};
			name = Release;
		};
		F8A3C8B12912C52C00291F00 /* Debug */ = {
			isa = XCBuildConfiguration;
			buildSettings = {
				ALWAYS_EMBED_SWIFT_STANDARD_LIBRARIES = YES;
				BUNDLE_LOADER = "$(TEST_HOST)";
				CODE_SIGN_STYLE = Automatic;
				CURRENT_PROJECT_VERSION = 1;
				DEVELOPMENT_TEAM = T8C9SSEX5G;
				GENERATE_INFOPLIST_FILE = YES;
				MARKETING_VERSION = 1.0;
				PRODUCT_BUNDLE_IDENTIFIER = "com.hyun99999.Workouts-Watch-AppTests";
				PRODUCT_NAME = "$(TARGET_NAME)";
				SDKROOT = watchos;
				SWIFT_EMIT_LOC_STRINGS = NO;
				SWIFT_VERSION = 5.0;
				TARGETED_DEVICE_FAMILY = 4;
				TEST_HOST = "$(BUILT_PRODUCTS_DIR)/Workouts Watch App.app/$(BUNDLE_EXECUTABLE_FOLDER_PATH)/Workouts Watch App";
				WATCHOS_DEPLOYMENT_TARGET = 9.1;
			};
			name = Debug;
		};
		F8A3C8B22912C52C00291F00 /* Release */ = {
			isa = XCBuildConfiguration;
			buildSettings = {
				ALWAYS_EMBED_SWIFT_STANDARD_LIBRARIES = YES;
				BUNDLE_LOADER = "$(TEST_HOST)";
				CODE_SIGN_STYLE = Automatic;
				CURRENT_PROJECT_VERSION = 1;
				DEVELOPMENT_TEAM = T8C9SSEX5G;
				GENERATE_INFOPLIST_FILE = YES;
				MARKETING_VERSION = 1.0;
				PRODUCT_BUNDLE_IDENTIFIER = "com.hyun99999.Workouts-Watch-AppTests";
				PRODUCT_NAME = "$(TARGET_NAME)";
				SDKROOT = watchos;
				SWIFT_EMIT_LOC_STRINGS = NO;
				SWIFT_VERSION = 5.0;
				TARGETED_DEVICE_FAMILY = 4;
				TEST_HOST = "$(BUILT_PRODUCTS_DIR)/Workouts Watch App.app/$(BUNDLE_EXECUTABLE_FOLDER_PATH)/Workouts Watch App";
				VALIDATE_PRODUCT = YES;
				WATCHOS_DEPLOYMENT_TARGET = 9.1;
			};
			name = Release;
		};
		F8A3C8B42912C52C00291F00 /* Debug */ = {
			isa = XCBuildConfiguration;
			buildSettings = {
				ALWAYS_EMBED_SWIFT_STANDARD_LIBRARIES = YES;
				CODE_SIGN_STYLE = Automatic;
				CURRENT_PROJECT_VERSION = 1;
				DEVELOPMENT_TEAM = T8C9SSEX5G;
				GENERATE_INFOPLIST_FILE = YES;
				MARKETING_VERSION = 1.0;
				PRODUCT_BUNDLE_IDENTIFIER = "com.hyun99999.Workouts-Watch-AppUITests";
				PRODUCT_NAME = "$(TARGET_NAME)";
				SDKROOT = watchos;
				SWIFT_EMIT_LOC_STRINGS = NO;
				SWIFT_VERSION = 5.0;
				TARGETED_DEVICE_FAMILY = 4;
				TEST_TARGET_NAME = "Workouts Watch App";
				WATCHOS_DEPLOYMENT_TARGET = 9.1;
			};
			name = Debug;
		};
		F8A3C8B52912C52C00291F00 /* Release */ = {
			isa = XCBuildConfiguration;
			buildSettings = {
				ALWAYS_EMBED_SWIFT_STANDARD_LIBRARIES = YES;
				CODE_SIGN_STYLE = Automatic;
				CURRENT_PROJECT_VERSION = 1;
				DEVELOPMENT_TEAM = T8C9SSEX5G;
				GENERATE_INFOPLIST_FILE = YES;
				MARKETING_VERSION = 1.0;
				PRODUCT_BUNDLE_IDENTIFIER = "com.hyun99999.Workouts-Watch-AppUITests";
				PRODUCT_NAME = "$(TARGET_NAME)";
				SDKROOT = watchos;
				SWIFT_EMIT_LOC_STRINGS = NO;
				SWIFT_VERSION = 5.0;
				TARGETED_DEVICE_FAMILY = 4;
				TEST_TARGET_NAME = "Workouts Watch App";
				VALIDATE_PRODUCT = YES;
				WATCHOS_DEPLOYMENT_TARGET = 9.1;
			};
			name = Release;
		};
/* End XCBuildConfiguration section */

/* Begin XCConfigurationList section */
		F8A3C87A2912C52B00291F00 /* Build configuration list for PBXProject "Workouts" */ = {
			isa = XCConfigurationList;
			buildConfigurations = (
				F8A3C8A72912C52C00291F00 /* Debug */,
				F8A3C8A82912C52C00291F00 /* Release */,
			);
			defaultConfigurationIsVisible = 0;
			defaultConfigurationName = Release;
		};
		F8A3C8A92912C52C00291F00 /* Build configuration list for PBXNativeTarget "Workouts Watch App" */ = {
			isa = XCConfigurationList;
			buildConfigurations = (
				F8A3C8AA2912C52C00291F00 /* Debug */,
				F8A3C8AB2912C52C00291F00 /* Release */,
			);
			defaultConfigurationIsVisible = 0;
			defaultConfigurationName = Release;
		};
		F8A3C8AD2912C52C00291F00 /* Build configuration list for PBXNativeTarget "Workouts" */ = {
			isa = XCConfigurationList;
			buildConfigurations = (
				F8A3C8AE2912C52C00291F00 /* Debug */,
				F8A3C8AF2912C52C00291F00 /* Release */,
			);
			defaultConfigurationIsVisible = 0;
			defaultConfigurationName = Release;
		};
		F8A3C8B02912C52C00291F00 /* Build configuration list for PBXNativeTarget "Workouts Watch AppTests" */ = {
			isa = XCConfigurationList;
			buildConfigurations = (
				F8A3C8B12912C52C00291F00 /* Debug */,
				F8A3C8B22912C52C00291F00 /* Release */,
			);
			defaultConfigurationIsVisible = 0;
			defaultConfigurationName = Release;
		};
		F8A3C8B32912C52C00291F00 /* Build configuration list for PBXNativeTarget "Workouts Watch AppUITests" */ = {
			isa = XCConfigurationList;
			buildConfigurations = (
				F8A3C8B42912C52C00291F00 /* Debug */,
				F8A3C8B52912C52C00291F00 /* Release */,
			);
			defaultConfigurationIsVisible = 0;
			defaultConfigurationName = Release;
		};
/* End XCConfigurationList section */
	};
	rootObject = F8A3C8772912C52B00291F00 /* Project object */;
}
